
Microsoft Visual Studio Solution File, Format Version 12.00
# Visual Studio Version 17
VisualStudioVersion = 17.7.34202.233
MinimumVisualStudioVersion = 10.0.40219.1
Project("{FAE04EC0-301F-11D3-BF4B-00C04F79EFBC}") = "MorePathfinderNodes", "MorePathfinderNodes\MorePathfinderNodes.csproj", "{144031C8-84D2-4053-9B45-CFF32766F8D4}"
EndProject
Global
	GlobalSection(SolutionConfigurationPlatforms) = preSolution
		Debug|Any CPU = Debug|Any CPU
		Release|Any CPU = Release|Any CPU
	EndGlobalSection
	GlobalSection(ProjectConfigurationPlatforms) = postSolution
		{144031C8-84D2-4053-9B45-CFF32766F8D4}.Debug|Any CPU.ActiveCfg = Debug|Any CPU
		{144031C8-84D2-4053-9B45-CFF32766F8D4}.Debug|Any CPU.Build.0 = Debug|Any CPU
		{144031C8-84D2-4053-9B45-CFF32766F8D4}.Release|Any CPU.ActiveCfg = Release|Any CPU
		{144031C8-84D2-4053-9B45-CFF32766F8D4}.Release|Any CPU.Build.0 = Release|Any CPU
	EndGlobalSection
	GlobalSection(SolutionProperties) = preSolution
		HideSolutionNode = FALSE
	EndGlobalSection
	GlobalSection(ExtensibilityGlobals) = postSolution
		SolutionGuid = {532034E0-3CB6-4DCA-8C6C-BC952AB08AA3}
	EndGlobalSection
EndGlobal
